
Microsoft Visual Studio Solution File, Format Version 12.00
# Visual Studio Version 17
VisualStudioVersion = 17.10.35013.160
MinimumVisualStudioVersion = 10.0.40219.1
Project("{FAE04EC0-301F-11D3-BF4B-00C04F79EFBC}") = "PersistenceStore", "Class1\PersistenceStore.csproj", "{243C3D24-A378-412C-A48B-C2FE11895C4C}"
EndProject
Project("{2150E333-8FDC-42A3-9474-1A3956D46DE8}") = "Solution Items", "Solution Items", "{7470C586-F0D9-4EEC-A0AE-4999B38E3DE1}"
	ProjectSection(SolutionItems) = preProject
		XMLFile1.xml = XMLFile1.xml
	EndProjectSection
EndProject
Project("{FAE04EC0-301F-11D3-BF4B-00C04F79EFBC}") = "Executive", "Executive\Executive.csproj", "{6125B153-C771-4BB1-8BA6-407F8E6520C1}"
EndProject
Project("{FAE04EC0-301F-11D3-BF4B-00C04F79EFBC}") = "GuiDemo", "GuiDemo\GuiDemo.csproj", "{D12330C8-A6A8-4D35-AFD9-ACADE23DC4AA}"
EndProject
Global
	GlobalSection(SolutionConfigurationPlatforms) = preSolution
		Debug|Any CPU = Debug|Any CPU
		Release|Any CPU = Release|Any CPU
	EndGlobalSection
	GlobalSection(ProjectConfigurationPlatforms) = postSolution
		{243C3D24-A378-412C-A48B-C2FE11895C4C}.Debug|Any CPU.ActiveCfg = Debug|Any CPU
		{243C3D24-A378-412C-A48B-C2FE11895C4C}.Debug|Any CPU.Build.0 = Debug|Any CPU
		{243C3D24-A378-412C-A48B-C2FE11895C4C}.Release|Any CPU.ActiveCfg = Release|Any CPU
		{243C3D24-A378-412C-A48B-C2FE11895C4C}.Release|Any CPU.Build.0 = Release|Any CPU
		{6125B153-C771-4BB1-8BA6-407F8E6520C1}.Debug|Any CPU.ActiveCfg = Debug|Any CPU
		{6125B153-C771-4BB1-8BA6-407F8E6520C1}.Debug|Any CPU.Build.0 = Debug|Any CPU
		{6125B153-C771-4BB1-8BA6-407F8E6520C1}.Release|Any CPU.ActiveCfg = Release|Any CPU
		{6125B153-C771-4BB1-8BA6-407F8E6520C1}.Release|Any CPU.Build.0 = Release|Any CPU
		{D12330C8-A6A8-4D35-AFD9-ACADE23DC4AA}.Debug|Any CPU.ActiveCfg = Debug|Any CPU
		{D12330C8-A6A8-4D35-AFD9-ACADE23DC4AA}.Debug|Any CPU.Build.0 = Debug|Any CPU
		{D12330C8-A6A8-4D35-AFD9-ACADE23DC4AA}.Release|Any CPU.ActiveCfg = Release|Any CPU
		{D12330C8-A6A8-4D35-AFD9-ACADE23DC4AA}.Release|Any CPU.Build.0 = Release|Any CPU
	EndGlobalSection
	GlobalSection(SolutionProperties) = preSolution
		HideSolutionNode = FALSE
	EndGlobalSection
	GlobalSection(ExtensibilityGlobals) = postSolution
		SolutionGuid = {12D8656F-5EDB-4AD4-830F-4439630BA49A}
	EndGlobalSection
EndGlobal
